// !$*UTF8*$!
{
	archiveVersion = 1;
	classes = {
	};
	objectVersion = 70;
	objects = {

/* Begin PBXBuildFile section */
		9403CB952C1B28F700C1ED23 /* AppDelegate.swift in Sources */ = {isa = PBXBuildFile; fileRef = 9403CB942C1B28F700C1ED23 /* AppDelegate.swift */; };
		9403CB972C1B28F700C1ED23 /* SceneDelegate.swift in Sources */ = {isa = PBXBuildFile; fileRef = 9403CB962C1B28F700C1ED23 /* SceneDelegate.swift */; };
		9403CB992C1B28F700C1ED23 /* RootViewController.swift in Sources */ = {isa = PBXBuildFile; fileRef = 9403CB982C1B28F700C1ED23 /* RootViewController.swift */; };
		9403CB9E2C1B28F900C1ED23 /* Assets.xcassets in Resources */ = {isa = PBXBuildFile; fileRef = 9403CB9D2C1B28F900C1ED23 /* Assets.xcassets */; };
		9403CBA12C1B28F900C1ED23 /* Base in Resources */ = {isa = PBXBuildFile; fileRef = 9403CBA02C1B28F900C1ED23 /* Base */; };
		9403CBB82C1CB00800C1ED23 /* UIview+edgesToSuperview.swift in Sources */ = {isa = PBXBuildFile; fileRef = 9403CBB72C1CB00800C1ED23 /* UIview+edgesToSuperview.swift */; };
		9403CBBA2C1CB04800C1ED23 /* UIView+addSubviews.swift in Sources */ = {isa = PBXBuildFile; fileRef = 9403CBB92C1CB04800C1ED23 /* UIView+addSubviews.swift */; };
		9403CBBE2C2DB01000C1ED23 /* TabBarViewController.swift in Sources */ = {isa = PBXBuildFile; fileRef = 9403CBBD2C2DB01000C1ED23 /* TabBarViewController.swift */; };
		9403CBC02C2DB18700C1ED23 /* TrackerViewController.swift in Sources */ = {isa = PBXBuildFile; fileRef = 9403CBBF2C2DB18700C1ED23 /* TrackerViewController.swift */; };
		9403CBC22C2DB19200C1ED23 /* StatsViewController.swift in Sources */ = {isa = PBXBuildFile; fileRef = 9403CBC12C2DB19200C1ED23 /* StatsViewController.swift */; };
		9403CBC42C2DB31700C1ED23 /* UIViewController+wrapWithNavigationController.swift in Sources */ = {isa = PBXBuildFile; fileRef = 9403CBC32C2DB31700C1ED23 /* UIViewController+wrapWithNavigationController.swift */; };
		941BCA932CA40CBC003A1358 /* StatsCell.swift in Sources */ = {isa = PBXBuildFile; fileRef = 941BCA922CA40CB1003A1358 /* StatsCell.swift */; };
		941BCA972CA4194C003A1358 /* StatisticsManager.swift in Sources */ = {isa = PBXBuildFile; fileRef = 941BCA962CA4193B003A1358 /* StatisticsManager.swift */; };
		941BCAB62CA4526F003A1358 /* InlineSnapshotTesting in Frameworks */ = {isa = PBXBuildFile; productRef = 941BCAB52CA4526F003A1358 /* InlineSnapshotTesting */; };
		941BCAB82CA4526F003A1358 /* SnapshotTesting in Frameworks */ = {isa = PBXBuildFile; productRef = 941BCAB72CA4526F003A1358 /* SnapshotTesting */; };
		942A5F562C2DC50F00A53D61 /* StubView.swift in Sources */ = {isa = PBXBuildFile; fileRef = 942A5F552C2DC50F00A53D61 /* StubView.swift */; };
		942A5FA22C2EB15700A53D61 /* Tracker.swift in Sources */ = {isa = PBXBuildFile; fileRef = 942A5FA12C2EB15700A53D61 /* Tracker.swift */; };
		942A5FA42C2EB16700A53D61 /* TrackerCategory.swift in Sources */ = {isa = PBXBuildFile; fileRef = 942A5FA32C2EB16700A53D61 /* TrackerCategory.swift */; };
		942A5FA62C2EB17800A53D61 /* TrackerRecord.swift in Sources */ = {isa = PBXBuildFile; fileRef = 942A5FA52C2EB17800A53D61 /* TrackerRecord.swift */; };
		942A5FA82C2F051100A53D61 /* TrackerCell.swift in Sources */ = {isa = PBXBuildFile; fileRef = 942A5FA72C2F051100A53D61 /* TrackerCell.swift */; };
		942A5FAA2C2F147B00A53D61 /* TrackerCellDelegate.swift in Sources */ = {isa = PBXBuildFile; fileRef = 942A5FA92C2F147B00A53D61 /* TrackerCellDelegate.swift */; };
		942A5FAC2C2F6B9A00A53D61 /* TypeOfTrackerViewController.swift in Sources */ = {isa = PBXBuildFile; fileRef = 942A5FAB2C2F6B9A00A53D61 /* TypeOfTrackerViewController.swift */; };
		942A5FAE2C2F711B00A53D61 /* Constants.swift in Sources */ = {isa = PBXBuildFile; fileRef = 942A5FAD2C2F711B00A53D61 /* Constants.swift */; };
		942B7C122C5678AD00491A47 /* CollectionHeaderDelegate.swift in Sources */ = {isa = PBXBuildFile; fileRef = 942B7C112C5678AD00491A47 /* CollectionHeaderDelegate.swift */; };
		942B7C142C56878600491A47 /* TrackerSectionHeader.swift in Sources */ = {isa = PBXBuildFile; fileRef = 942B7C132C56878600491A47 /* TrackerSectionHeader.swift */; };
		942B7C172C57A60900491A47 /* Localizable.stringsdict in Resources */ = {isa = PBXBuildFile; fileRef = 942B7C152C57A60900491A47 /* Localizable.stringsdict */; };
		942B7C192C58EBB300491A47 /* Date+dateToString.swift in Sources */ = {isa = PBXBuildFile; fileRef = 942B7C182C58EBB300491A47 /* Date+dateToString.swift */; };
		943CB1072C97373800CF2F63 /* Localizable.strings in Resources */ = {isa = PBXBuildFile; fileRef = 943CB1052C97373800CF2F63 /* Localizable.strings */; };
		944EC9DC2C8A24E0002A69E0 /* OnboardingViewController.swift in Sources */ = {isa = PBXBuildFile; fileRef = 944EC9D82C8A24E0002A69E0 /* OnboardingViewController.swift */; };
		944EC9DD2C8A24E0002A69E0 /* PageExamples.swift in Sources */ = {isa = PBXBuildFile; fileRef = 944EC9D92C8A24E0002A69E0 /* PageExamples.swift */; };
		944EC9DE2C8A24E0002A69E0 /* PageViewController.swift in Sources */ = {isa = PBXBuildFile; fileRef = 944EC9DA2C8A24E0002A69E0 /* PageViewController.swift */; };
		944EC9E02C8A255F002A69E0 /* SettingsStorage.swift in Sources */ = {isa = PBXBuildFile; fileRef = 944EC9DF2C8A255F002A69E0 /* SettingsStorage.swift */; };
		946445DC2C382D3800B117A6 /* Button.swift in Sources */ = {isa = PBXBuildFile; fileRef = 946445DB2C382D3800B117A6 /* Button.swift */; };
		946445DE2C38337800B117A6 /* TrackerCreationViewController.swift in Sources */ = {isa = PBXBuildFile; fileRef = 946445DD2C38337800B117A6 /* TrackerCreationViewController.swift */; };
		946445E02C3833B200B117A6 /* ColorCell.swift in Sources */ = {isa = PBXBuildFile; fileRef = 946445DF2C3833B200B117A6 /* ColorCell.swift */; };
		946445E22C3833C400B117A6 /* EmojiCell.swift in Sources */ = {isa = PBXBuildFile; fileRef = 946445E12C3833C400B117A6 /* EmojiCell.swift */; };
		946445E42C38344500B117A6 /* CollectionHeader.swift in Sources */ = {isa = PBXBuildFile; fileRef = 946445E32C38344500B117A6 /* CollectionHeader.swift */; };
		946445E62C38345100B117A6 /* SectionHeader.swift in Sources */ = {isa = PBXBuildFile; fileRef = 946445E52C38345100B117A6 /* SectionHeader.swift */; };
		946445E82C38347000B117A6 /* CollectionFooter.swift in Sources */ = {isa = PBXBuildFile; fileRef = 946445E72C38347000B117A6 /* CollectionFooter.swift */; };
		946445EB2C38351200B117A6 /* CollectionFooterDelegate.swift in Sources */ = {isa = PBXBuildFile; fileRef = 946445EA2C38351200B117A6 /* CollectionFooterDelegate.swift */; };
		946445ED2C383DF600B117A6 /* TextField.swift in Sources */ = {isa = PBXBuildFile; fileRef = 946445EC2C383DF600B117A6 /* TextField.swift */; };
		946445EF2C383EB200B117A6 /* ListButton.swift in Sources */ = {isa = PBXBuildFile; fileRef = 946445EE2C383EB200B117A6 /* ListButton.swift */; };
		946445F12C38451300B117A6 /* UIView+addTapGesture.swift in Sources */ = {isa = PBXBuildFile; fileRef = 946445F02C38451300B117A6 /* UIView+addTapGesture.swift */; };
		946445F32C384E3600B117A6 /* TrackerManager.swift in Sources */ = {isa = PBXBuildFile; fileRef = 946445F22C384E3600B117A6 /* TrackerManager.swift */; };
		946445F52C38728000B117A6 /* DayOfWeek.swift in Sources */ = {isa = PBXBuildFile; fileRef = 946445F42C38728000B117A6 /* DayOfWeek.swift */; };
		946445F92C387BE700B117A6 /* NewTracker.swift in Sources */ = {isa = PBXBuildFile; fileRef = 946445F82C387BE700B117A6 /* NewTracker.swift */; };
		946445FE2C39348900B117A6 /* ScheduleViewController.swift in Sources */ = {isa = PBXBuildFile; fileRef = 946445FD2C39348900B117A6 /* ScheduleViewController.swift */; };
		946446002C39353100B117A6 /* ScheduleCell.swift in Sources */ = {isa = PBXBuildFile; fileRef = 946445FF2C39353000B117A6 /* ScheduleCell.swift */; };
		946446022C39353D00B117A6 /* ScheduleCellDelegate.swift in Sources */ = {isa = PBXBuildFile; fileRef = 946446012C39353D00B117A6 /* ScheduleCellDelegate.swift */; };
		946446042C3A82CF00B117A6 /* CollectionItems.swift in Sources */ = {isa = PBXBuildFile; fileRef = 946446032C3A82CF00B117A6 /* CollectionItems.swift */; };
		946446062C3AB7C800B117A6 /* UIView+parentViewController.swift in Sources */ = {isa = PBXBuildFile; fileRef = 946446052C3AB7C800B117A6 /* UIView+parentViewController.swift */; };
		94BD7C7E2C77547000FDA2A0 /* Tracker.xcdatamodeld in Sources */ = {isa = PBXBuildFile; fileRef = 94BD7C7C2C77547000FDA2A0 /* Tracker.xcdatamodeld */; };
		94BD7C852C77693300FDA2A0 /* Storage.swift in Sources */ = {isa = PBXBuildFile; fileRef = 94BD7C842C77693300FDA2A0 /* Storage.swift */; };
		94BD7CB82C81E85E00FDA2A0 /* DataProvider.swift in Sources */ = {isa = PBXBuildFile; fileRef = 94BD7CB72C81E85E00FDA2A0 /* DataProvider.swift */; };
		94E067512C8B65DF00E94868 /* CategoryViewController.swift in Sources */ = {isa = PBXBuildFile; fileRef = 94E067502C8B65DF00E94868 /* CategoryViewController.swift */; };
		94E067532C8B65E800E94868 /* CategoryModel.swift in Sources */ = {isa = PBXBuildFile; fileRef = 94E067522C8B65E800E94868 /* CategoryModel.swift */; };
		94E067552C8B65F300E94868 /* CategoryViewModel.swift in Sources */ = {isa = PBXBuildFile; fileRef = 94E067542C8B65F300E94868 /* CategoryViewModel.swift */; };
		94E067572C8B69AC00E94868 /* CategoryCell.swift in Sources */ = {isa = PBXBuildFile; fileRef = 94E067562C8B69AC00E94868 /* CategoryCell.swift */; };
		94E067592C8B749700E94868 /* CategoryCreationViewController.swift in Sources */ = {isa = PBXBuildFile; fileRef = 94E067582C8B749700E94868 /* CategoryCreationViewController.swift */; };
		B1F03D972A6C58F6807A2078 /* Pods_Tracker.framework in Frameworks */ = {isa = PBXBuildFile; fileRef = EACF1E12180DF00B5A438E33 /* Pods_Tracker.framework */; };
/* End PBXBuildFile section */

/* Begin PBXContainerItemProxy section */
		941BCAAF2CA45207003A1358 /* PBXContainerItemProxy */ = {
			isa = PBXContainerItemProxy;
			containerPortal = 9403CB892C1B28F700C1ED23 /* Project object */;
			proxyType = 1;
			remoteGlobalIDString = 9403CB902C1B28F700C1ED23;
			remoteInfo = Tracker;
		};
/* End PBXContainerItemProxy section */

/* Begin PBXFileReference section */
		8569E5A8FD13EF6A322D2E7B /* Pods-Tracker.release.xcconfig */ = {isa = PBXFileReference; includeInIndex = 1; lastKnownFileType = text.xcconfig; name = "Pods-Tracker.release.xcconfig"; path = "Target Support Files/Pods-Tracker/Pods-Tracker.release.xcconfig"; sourceTree = "<group>"; };
		9403CB912C1B28F700C1ED23 /* Tracker.app */ = {isa = PBXFileReference; explicitFileType = wrapper.application; includeInIndex = 0; path = Tracker.app; sourceTree = BUILT_PRODUCTS_DIR; };
		9403CB942C1B28F700C1ED23 /* AppDelegate.swift */ = {isa = PBXFileReference; lastKnownFileType = sourcecode.swift; path = AppDelegate.swift; sourceTree = "<group>"; };
		9403CB962C1B28F700C1ED23 /* SceneDelegate.swift */ = {isa = PBXFileReference; lastKnownFileType = sourcecode.swift; path = SceneDelegate.swift; sourceTree = "<group>"; };
		9403CB982C1B28F700C1ED23 /* RootViewController.swift */ = {isa = PBXFileReference; lastKnownFileType = sourcecode.swift; path = RootViewController.swift; sourceTree = "<group>"; };
		9403CB9D2C1B28F900C1ED23 /* Assets.xcassets */ = {isa = PBXFileReference; lastKnownFileType = folder.assetcatalog; path = Assets.xcassets; sourceTree = "<group>"; };
		9403CBA02C1B28F900C1ED23 /* Base */ = {isa = PBXFileReference; lastKnownFileType = file.storyboard; name = Base; path = Base.lproj/LaunchScreen.storyboard; sourceTree = "<group>"; };
		9403CBA22C1B28F900C1ED23 /* Info.plist */ = {isa = PBXFileReference; lastKnownFileType = text.plist.xml; path = Info.plist; sourceTree = "<group>"; };
		9403CBB72C1CB00800C1ED23 /* UIview+edgesToSuperview.swift */ = {isa = PBXFileReference; lastKnownFileType = sourcecode.swift; path = "UIview+edgesToSuperview.swift"; sourceTree = "<group>"; };
		9403CBB92C1CB04800C1ED23 /* UIView+addSubviews.swift */ = {isa = PBXFileReference; lastKnownFileType = sourcecode.swift; path = "UIView+addSubviews.swift"; sourceTree = "<group>"; };
		9403CBBD2C2DB01000C1ED23 /* TabBarViewController.swift */ = {isa = PBXFileReference; lastKnownFileType = sourcecode.swift; path = TabBarViewController.swift; sourceTree = "<group>"; };
		9403CBBF2C2DB18700C1ED23 /* TrackerViewController.swift */ = {isa = PBXFileReference; lastKnownFileType = sourcecode.swift; path = TrackerViewController.swift; sourceTree = "<group>"; };
		9403CBC12C2DB19200C1ED23 /* StatsViewController.swift */ = {isa = PBXFileReference; lastKnownFileType = sourcecode.swift; path = StatsViewController.swift; sourceTree = "<group>"; };
		9403CBC32C2DB31700C1ED23 /* UIViewController+wrapWithNavigationController.swift */ = {isa = PBXFileReference; lastKnownFileType = sourcecode.swift; path = "UIViewController+wrapWithNavigationController.swift"; sourceTree = "<group>"; };
		941BCA922CA40CB1003A1358 /* StatsCell.swift */ = {isa = PBXFileReference; lastKnownFileType = sourcecode.swift; path = StatsCell.swift; sourceTree = "<group>"; };
		941BCA962CA4193B003A1358 /* StatisticsManager.swift */ = {isa = PBXFileReference; lastKnownFileType = sourcecode.swift; path = StatisticsManager.swift; sourceTree = "<group>"; };
		941BCAAB2CA45207003A1358 /* TrackerTests.xctest */ = {isa = PBXFileReference; explicitFileType = wrapper.cfbundle; includeInIndex = 0; path = TrackerTests.xctest; sourceTree = BUILT_PRODUCTS_DIR; };
		942A5F552C2DC50F00A53D61 /* StubView.swift */ = {isa = PBXFileReference; lastKnownFileType = sourcecode.swift; path = StubView.swift; sourceTree = "<group>"; };
		942A5FA12C2EB15700A53D61 /* Tracker.swift */ = {isa = PBXFileReference; lastKnownFileType = sourcecode.swift; path = Tracker.swift; sourceTree = "<group>"; };
		942A5FA32C2EB16700A53D61 /* TrackerCategory.swift */ = {isa = PBXFileReference; lastKnownFileType = sourcecode.swift; path = TrackerCategory.swift; sourceTree = "<group>"; };
		942A5FA52C2EB17800A53D61 /* TrackerRecord.swift */ = {isa = PBXFileReference; lastKnownFileType = sourcecode.swift; path = TrackerRecord.swift; sourceTree = "<group>"; };
		942A5FA72C2F051100A53D61 /* TrackerCell.swift */ = {isa = PBXFileReference; lastKnownFileType = sourcecode.swift; path = TrackerCell.swift; sourceTree = "<group>"; };
		942A5FA92C2F147B00A53D61 /* TrackerCellDelegate.swift */ = {isa = PBXFileReference; lastKnownFileType = sourcecode.swift; path = TrackerCellDelegate.swift; sourceTree = "<group>"; };
		942A5FAB2C2F6B9A00A53D61 /* TypeOfTrackerViewController.swift */ = {isa = PBXFileReference; lastKnownFileType = sourcecode.swift; path = TypeOfTrackerViewController.swift; sourceTree = "<group>"; };
		942A5FAD2C2F711B00A53D61 /* Constants.swift */ = {isa = PBXFileReference; lastKnownFileType = sourcecode.swift; path = Constants.swift; sourceTree = "<group>"; };
		942B7C112C5678AD00491A47 /* CollectionHeaderDelegate.swift */ = {isa = PBXFileReference; lastKnownFileType = sourcecode.swift; path = CollectionHeaderDelegate.swift; sourceTree = "<group>"; };
		942B7C132C56878600491A47 /* TrackerSectionHeader.swift */ = {isa = PBXFileReference; lastKnownFileType = sourcecode.swift; path = TrackerSectionHeader.swift; sourceTree = "<group>"; };
		942B7C162C57A60900491A47 /* en */ = {isa = PBXFileReference; lastKnownFileType = text.plist.stringsdict; name = en; path = en.lproj/Localizable.stringsdict; sourceTree = "<group>"; };
		942B7C182C58EBB300491A47 /* Date+dateToString.swift */ = {isa = PBXFileReference; lastKnownFileType = sourcecode.swift; path = "Date+dateToString.swift"; sourceTree = "<group>"; };
		943CB1062C97373800CF2F63 /* en */ = {isa = PBXFileReference; lastKnownFileType = text.plist.strings; name = en; path = en.lproj/Localizable.strings; sourceTree = "<group>"; };
		943CB1082C97379400CF2F63 /* ru */ = {isa = PBXFileReference; lastKnownFileType = text.plist.strings; name = ru; path = ru.lproj/LaunchScreen.strings; sourceTree = "<group>"; };
		943CB1092C97379400CF2F63 /* ru */ = {isa = PBXFileReference; lastKnownFileType = text.plist.stringsdict; name = ru; path = ru.lproj/Localizable.stringsdict; sourceTree = "<group>"; };
		943CB10A2C97379400CF2F63 /* ru */ = {isa = PBXFileReference; lastKnownFileType = text.plist.strings; name = ru; path = ru.lproj/Localizable.strings; sourceTree = "<group>"; };
		944EC9D82C8A24E0002A69E0 /* OnboardingViewController.swift */ = {isa = PBXFileReference; fileEncoding = 4; lastKnownFileType = sourcecode.swift; path = OnboardingViewController.swift; sourceTree = "<group>"; };
		944EC9D92C8A24E0002A69E0 /* PageExamples.swift */ = {isa = PBXFileReference; fileEncoding = 4; lastKnownFileType = sourcecode.swift; path = PageExamples.swift; sourceTree = "<group>"; };
		944EC9DA2C8A24E0002A69E0 /* PageViewController.swift */ = {isa = PBXFileReference; fileEncoding = 4; lastKnownFileType = sourcecode.swift; path = PageViewController.swift; sourceTree = "<group>"; };
		944EC9DF2C8A255F002A69E0 /* SettingsStorage.swift */ = {isa = PBXFileReference; lastKnownFileType = sourcecode.swift; path = SettingsStorage.swift; sourceTree = "<group>"; };
		946445DB2C382D3800B117A6 /* Button.swift */ = {isa = PBXFileReference; lastKnownFileType = sourcecode.swift; path = Button.swift; sourceTree = "<group>"; };
		946445DD2C38337800B117A6 /* TrackerCreationViewController.swift */ = {isa = PBXFileReference; lastKnownFileType = sourcecode.swift; path = TrackerCreationViewController.swift; sourceTree = "<group>"; };
		946445DF2C3833B200B117A6 /* ColorCell.swift */ = {isa = PBXFileReference; lastKnownFileType = sourcecode.swift; path = ColorCell.swift; sourceTree = "<group>"; };
		946445E12C3833C400B117A6 /* EmojiCell.swift */ = {isa = PBXFileReference; lastKnownFileType = sourcecode.swift; path = EmojiCell.swift; sourceTree = "<group>"; };
		946445E32C38344500B117A6 /* CollectionHeader.swift */ = {isa = PBXFileReference; lastKnownFileType = sourcecode.swift; path = CollectionHeader.swift; sourceTree = "<group>"; };
		946445E52C38345100B117A6 /* SectionHeader.swift */ = {isa = PBXFileReference; lastKnownFileType = sourcecode.swift; path = SectionHeader.swift; sourceTree = "<group>"; };
		946445E72C38347000B117A6 /* CollectionFooter.swift */ = {isa = PBXFileReference; lastKnownFileType = sourcecode.swift; path = CollectionFooter.swift; sourceTree = "<group>"; };
		946445EA2C38351200B117A6 /* CollectionFooterDelegate.swift */ = {isa = PBXFileReference; lastKnownFileType = sourcecode.swift; path = CollectionFooterDelegate.swift; sourceTree = "<group>"; };
		946445EC2C383DF600B117A6 /* TextField.swift */ = {isa = PBXFileReference; lastKnownFileType = sourcecode.swift; path = TextField.swift; sourceTree = "<group>"; };
		946445EE2C383EB200B117A6 /* ListButton.swift */ = {isa = PBXFileReference; lastKnownFileType = sourcecode.swift; path = ListButton.swift; sourceTree = "<group>"; };
		946445F02C38451300B117A6 /* UIView+addTapGesture.swift */ = {isa = PBXFileReference; lastKnownFileType = sourcecode.swift; path = "UIView+addTapGesture.swift"; sourceTree = "<group>"; };
		946445F22C384E3600B117A6 /* TrackerManager.swift */ = {isa = PBXFileReference; lastKnownFileType = sourcecode.swift; path = TrackerManager.swift; sourceTree = "<group>"; };
		946445F42C38728000B117A6 /* DayOfWeek.swift */ = {isa = PBXFileReference; lastKnownFileType = sourcecode.swift; path = DayOfWeek.swift; sourceTree = "<group>"; };
		946445F82C387BE700B117A6 /* NewTracker.swift */ = {isa = PBXFileReference; lastKnownFileType = sourcecode.swift; path = NewTracker.swift; sourceTree = "<group>"; };
		946445FD2C39348900B117A6 /* ScheduleViewController.swift */ = {isa = PBXFileReference; lastKnownFileType = sourcecode.swift; path = ScheduleViewController.swift; sourceTree = "<group>"; };
		946445FF2C39353000B117A6 /* ScheduleCell.swift */ = {isa = PBXFileReference; lastKnownFileType = sourcecode.swift; path = ScheduleCell.swift; sourceTree = "<group>"; };
		946446012C39353D00B117A6 /* ScheduleCellDelegate.swift */ = {isa = PBXFileReference; lastKnownFileType = sourcecode.swift; path = ScheduleCellDelegate.swift; sourceTree = "<group>"; };
		946446032C3A82CF00B117A6 /* CollectionItems.swift */ = {isa = PBXFileReference; lastKnownFileType = sourcecode.swift; path = CollectionItems.swift; sourceTree = "<group>"; };
		946446052C3AB7C800B117A6 /* UIView+parentViewController.swift */ = {isa = PBXFileReference; lastKnownFileType = sourcecode.swift; path = "UIView+parentViewController.swift"; sourceTree = "<group>"; };
		94BD7C7D2C77547000FDA2A0 /* Model.xcdatamodel */ = {isa = PBXFileReference; lastKnownFileType = wrapper.xcdatamodel; path = Model.xcdatamodel; sourceTree = "<group>"; };
		94BD7C842C77693300FDA2A0 /* Storage.swift */ = {isa = PBXFileReference; lastKnownFileType = sourcecode.swift; path = Storage.swift; sourceTree = "<group>"; };
		94BD7CB72C81E85E00FDA2A0 /* DataProvider.swift */ = {isa = PBXFileReference; lastKnownFileType = sourcecode.swift; path = DataProvider.swift; sourceTree = "<group>"; };
		94E067502C8B65DF00E94868 /* CategoryViewController.swift */ = {isa = PBXFileReference; lastKnownFileType = sourcecode.swift; path = CategoryViewController.swift; sourceTree = "<group>"; };
		94E067522C8B65E800E94868 /* CategoryModel.swift */ = {isa = PBXFileReference; lastKnownFileType = sourcecode.swift; path = CategoryModel.swift; sourceTree = "<group>"; };
		94E067542C8B65F300E94868 /* CategoryViewModel.swift */ = {isa = PBXFileReference; lastKnownFileType = sourcecode.swift; path = CategoryViewModel.swift; sourceTree = "<group>"; };
		94E067562C8B69AC00E94868 /* CategoryCell.swift */ = {isa = PBXFileReference; lastKnownFileType = sourcecode.swift; path = CategoryCell.swift; sourceTree = "<group>"; };
		94E067582C8B749700E94868 /* CategoryCreationViewController.swift */ = {isa = PBXFileReference; lastKnownFileType = sourcecode.swift; path = CategoryCreationViewController.swift; sourceTree = "<group>"; };
		9F6A11E3A8026660B0BAD91C /* Pods-Tracker.debug.xcconfig */ = {isa = PBXFileReference; includeInIndex = 1; lastKnownFileType = text.xcconfig; name = "Pods-Tracker.debug.xcconfig"; path = "Target Support Files/Pods-Tracker/Pods-Tracker.debug.xcconfig"; sourceTree = "<group>"; };
		EACF1E12180DF00B5A438E33 /* Pods_Tracker.framework */ = {isa = PBXFileReference; explicitFileType = wrapper.framework; includeInIndex = 0; path = Pods_Tracker.framework; sourceTree = BUILT_PRODUCTS_DIR; };
/* End PBXFileReference section */

/* Begin PBXFileSystemSynchronizedRootGroup section */
		941BCAAC2CA45207003A1358 /* TrackerTests */ = {isa = PBXFileSystemSynchronizedRootGroup; explicitFileTypes = {}; explicitFolders = (); path = TrackerTests; sourceTree = "<group>"; };
/* End PBXFileSystemSynchronizedRootGroup section */

/* Begin PBXFrameworksBuildPhase section */
		9403CB8E2C1B28F700C1ED23 /* Frameworks */ = {
			isa = PBXFrameworksBuildPhase;
			buildActionMask = 2147483647;
			files = (
				B1F03D972A6C58F6807A2078 /* Pods_Tracker.framework in Frameworks */,
			);
			runOnlyForDeploymentPostprocessing = 0;
		};
		941BCAA82CA45207003A1358 /* Frameworks */ = {
			isa = PBXFrameworksBuildPhase;
			buildActionMask = 2147483647;
			files = (
				941BCAB62CA4526F003A1358 /* InlineSnapshotTesting in Frameworks */,
				941BCAB82CA4526F003A1358 /* SnapshotTesting in Frameworks */,
			);
			runOnlyForDeploymentPostprocessing = 0;
		};
/* End PBXFrameworksBuildPhase section */

/* Begin PBXGroup section */
		48D640DA3AB2C2BA14BBF40B /* Frameworks */ = {
			isa = PBXGroup;
			children = (
				EACF1E12180DF00B5A438E33 /* Pods_Tracker.framework */,
			);
			name = Frameworks;
			sourceTree = "<group>";
		};
		85B15C3B56D8CAC34495A6BD /* Pods */ = {
			isa = PBXGroup;
			children = (
				9F6A11E3A8026660B0BAD91C /* Pods-Tracker.debug.xcconfig */,
				8569E5A8FD13EF6A322D2E7B /* Pods-Tracker.release.xcconfig */,
			);
			path = Pods;
			sourceTree = "<group>";
		};
		9403CB882C1B28F700C1ED23 = {
			isa = PBXGroup;
			children = (
				9403CB932C1B28F700C1ED23 /* Tracker */,
				941BCAAC2CA45207003A1358 /* TrackerTests */,
				9403CB922C1B28F700C1ED23 /* Products */,
				85B15C3B56D8CAC34495A6BD /* Pods */,
				48D640DA3AB2C2BA14BBF40B /* Frameworks */,
			);
			sourceTree = "<group>";
		};
		9403CB922C1B28F700C1ED23 /* Products */ = {
			isa = PBXGroup;
			children = (
				9403CB912C1B28F700C1ED23 /* Tracker.app */,
				941BCAAB2CA45207003A1358 /* TrackerTests.xctest */,
			);
			name = Products;
			sourceTree = "<group>";
		};
		9403CB932C1B28F700C1ED23 /* Tracker */ = {
			isa = PBXGroup;
			children = (
				94BD7C822C7768E600FDA2A0 /* AppManagement */,
				94BD7CA92C776C3700FDA2A0 /* StartViewControllers */,
				942A5FA02C2EB13E00A53D61 /* Models */,
				946445DA2C382D0800B117A6 /* Custom Components */,
				9403CBB62C1CAFE400C1ED23 /* Extentions */,
				946445FC2C39347200B117A6 /* Schedule */,
				94E0674F2C8B65CA00E94868 /* Category */,
				946445D82C382CDF00B117A6 /* Tracker */,
				946445D92C382CFB00B117A6 /* TrackerCreation */,
				946445E92C3834B900B117A6 /* Stats */,
				94BD7CAA2C776C5900FDA2A0 /* Resources */,
				9403CB9F2C1B28F900C1ED23 /* LaunchScreen.storyboard */,
				9403CBA22C1B28F900C1ED23 /* Info.plist */,
			);
			path = Tracker;
			sourceTree = "<group>";
		};
		9403CBB62C1CAFE400C1ED23 /* Extentions */ = {
			isa = PBXGroup;
			children = (
				9403CBB72C1CB00800C1ED23 /* UIview+edgesToSuperview.swift */,
				9403CBB92C1CB04800C1ED23 /* UIView+addSubviews.swift */,
				942B7C182C58EBB300491A47 /* Date+dateToString.swift */,
				9403CBC32C2DB31700C1ED23 /* UIViewController+wrapWithNavigationController.swift */,
				946446052C3AB7C800B117A6 /* UIView+parentViewController.swift */,
				946445F02C38451300B117A6 /* UIView+addTapGesture.swift */,
			);
			path = Extentions;
			sourceTree = "<group>";
		};
		942A5FA02C2EB13E00A53D61 /* Models */ = {
			isa = PBXGroup;
			children = (
				942A5FA12C2EB15700A53D61 /* Tracker.swift */,
				942A5FA32C2EB16700A53D61 /* TrackerCategory.swift */,
				942A5FA52C2EB17800A53D61 /* TrackerRecord.swift */,
				946445F42C38728000B117A6 /* DayOfWeek.swift */,
				946445F82C387BE700B117A6 /* NewTracker.swift */,
			);
			path = Models;
			sourceTree = "<group>";
		};
		944EC9DB2C8A24E0002A69E0 /* Onboarding */ = {
			isa = PBXGroup;
			children = (
				944EC9D82C8A24E0002A69E0 /* OnboardingViewController.swift */,
				944EC9D92C8A24E0002A69E0 /* PageExamples.swift */,
				944EC9DA2C8A24E0002A69E0 /* PageViewController.swift */,
			);
			path = Onboarding;
			sourceTree = "<group>";
		};
		946445D82C382CDF00B117A6 /* Tracker */ = {
			isa = PBXGroup;
			children = (
				9403CBBF2C2DB18700C1ED23 /* TrackerViewController.swift */,
				942A5FA72C2F051100A53D61 /* TrackerCell.swift */,
				942B7C132C56878600491A47 /* TrackerSectionHeader.swift */,
				942A5FA92C2F147B00A53D61 /* TrackerCellDelegate.swift */,
			);
			path = Tracker;
			sourceTree = "<group>";
		};
		946445D92C382CFB00B117A6 /* TrackerCreation */ = {
			isa = PBXGroup;
			children = (
				942A5FAB2C2F6B9A00A53D61 /* TypeOfTrackerViewController.swift */,
				946445DD2C38337800B117A6 /* TrackerCreationViewController.swift */,
				946445DF2C3833B200B117A6 /* ColorCell.swift */,
				946445E12C3833C400B117A6 /* EmojiCell.swift */,
				946445E32C38344500B117A6 /* CollectionHeader.swift */,
				942B7C112C5678AD00491A47 /* CollectionHeaderDelegate.swift */,
				946445E52C38345100B117A6 /* SectionHeader.swift */,
				946445E72C38347000B117A6 /* CollectionFooter.swift */,
				946445EA2C38351200B117A6 /* CollectionFooterDelegate.swift */,
				946446032C3A82CF00B117A6 /* CollectionItems.swift */,
			);
			path = TrackerCreation;
			sourceTree = "<group>";
		};
		946445DA2C382D0800B117A6 /* Custom Components */ = {
			isa = PBXGroup;
			children = (
				942A5F552C2DC50F00A53D61 /* StubView.swift */,
				946445EC2C383DF600B117A6 /* TextField.swift */,
				946445DB2C382D3800B117A6 /* Button.swift */,
				946445EE2C383EB200B117A6 /* ListButton.swift */,
			);
			path = "Custom Components";
			sourceTree = "<group>";
		};
		946445E92C3834B900B117A6 /* Stats */ = {
			isa = PBXGroup;
			children = (
				9403CBC12C2DB19200C1ED23 /* StatsViewController.swift */,
				941BCA922CA40CB1003A1358 /* StatsCell.swift */,
			);
			path = Stats;
			sourceTree = "<group>";
		};
		946445FC2C39347200B117A6 /* Schedule */ = {
			isa = PBXGroup;
			children = (
				946445FD2C39348900B117A6 /* ScheduleViewController.swift */,
				946445FF2C39353000B117A6 /* ScheduleCell.swift */,
				946446012C39353D00B117A6 /* ScheduleCellDelegate.swift */,
			);
			path = Schedule;
			sourceTree = "<group>";
		};
		94BD7C822C7768E600FDA2A0 /* AppManagement */ = {
			isa = PBXGroup;
			children = (
				9403CB942C1B28F700C1ED23 /* AppDelegate.swift */,
				9403CB962C1B28F700C1ED23 /* SceneDelegate.swift */,
				946445F22C384E3600B117A6 /* TrackerManager.swift */,
				941BCA962CA4193B003A1358 /* StatisticsManager.swift */,
				94BD7C832C77690C00FDA2A0 /* Storage */,
			);
			path = AppManagement;
			sourceTree = "<group>";
		};
		94BD7C832C77690C00FDA2A0 /* Storage */ = {
			isa = PBXGroup;
			children = (
				94BD7C7C2C77547000FDA2A0 /* Tracker.xcdatamodeld */,
				94BD7C842C77693300FDA2A0 /* Storage.swift */,
				94BD7CB72C81E85E00FDA2A0 /* DataProvider.swift */,
				944EC9DF2C8A255F002A69E0 /* SettingsStorage.swift */,
			);
			path = Storage;
			sourceTree = "<group>";
		};
		94BD7CA92C776C3700FDA2A0 /* StartViewControllers */ = {
			isa = PBXGroup;
			children = (
				944EC9DB2C8A24E0002A69E0 /* Onboarding */,
				9403CB982C1B28F700C1ED23 /* RootViewController.swift */,
				9403CBBD2C2DB01000C1ED23 /* TabBarViewController.swift */,
			);
			path = StartViewControllers;
			sourceTree = "<group>";
		};
		94BD7CAA2C776C5900FDA2A0 /* Resources */ = {
			isa = PBXGroup;
			children = (
				942A5FAD2C2F711B00A53D61 /* Constants.swift */,
				9403CB9D2C1B28F900C1ED23 /* Assets.xcassets */,
				942B7C152C57A60900491A47 /* Localizable.stringsdict */,
				943CB1052C97373800CF2F63 /* Localizable.strings */,
			);
			path = Resources;
			sourceTree = "<group>";
		};
		94E0674F2C8B65CA00E94868 /* Category */ = {
			isa = PBXGroup;
			children = (
				94E067502C8B65DF00E94868 /* CategoryViewController.swift */,
				94E067562C8B69AC00E94868 /* CategoryCell.swift */,
				94E067522C8B65E800E94868 /* CategoryModel.swift */,
				94E067542C8B65F300E94868 /* CategoryViewModel.swift */,
				94E067582C8B749700E94868 /* CategoryCreationViewController.swift */,
			);
			path = Category;
			sourceTree = "<group>";
		};
/* End PBXGroup section */

/* Begin PBXNativeTarget section */
		9403CB902C1B28F700C1ED23 /* Tracker */ = {
			isa = PBXNativeTarget;
			buildConfigurationList = 9403CBA52C1B28F900C1ED23 /* Build configuration list for PBXNativeTarget "Tracker" */;
			buildPhases = (
				A5C3B8AE76EB2639F8146C42 /* [CP] Check Pods Manifest.lock */,
				9403CB8D2C1B28F700C1ED23 /* Sources */,
				9403CB8E2C1B28F700C1ED23 /* Frameworks */,
				9403CB8F2C1B28F700C1ED23 /* Resources */,
				868AFE44FD8AC577938745BD /* [CP] Embed Pods Frameworks */,
			);
			buildRules = (
			);
			dependencies = (
			);
			name = Tracker;
			productName = Tracker;
			productReference = 9403CB912C1B28F700C1ED23 /* Tracker.app */;
			productType = "com.apple.product-type.application";
		};
		941BCAAA2CA45207003A1358 /* TrackerTests */ = {
			isa = PBXNativeTarget;
			buildConfigurationList = 941BCAB12CA45207003A1358 /* Build configuration list for PBXNativeTarget "TrackerTests" */;
			buildPhases = (
				941BCAA72CA45207003A1358 /* Sources */,
				941BCAA82CA45207003A1358 /* Frameworks */,
				941BCAA92CA45207003A1358 /* Resources */,
			);
			buildRules = (
			);
			dependencies = (
				941BCAB02CA45207003A1358 /* PBXTargetDependency */,
			);
			fileSystemSynchronizedGroups = (
				941BCAAC2CA45207003A1358 /* TrackerTests */,
			);
			name = TrackerTests;
			packageProductDependencies = (
				941BCAB52CA4526F003A1358 /* InlineSnapshotTesting */,
				941BCAB72CA4526F003A1358 /* SnapshotTesting */,
			);
			productName = TrackerTests;
			productReference = 941BCAAB2CA45207003A1358 /* TrackerTests.xctest */;
			productType = "com.apple.product-type.bundle.unit-test";
		};
/* End PBXNativeTarget section */

/* Begin PBXProject section */
		9403CB892C1B28F700C1ED23 /* Project object */ = {
			isa = PBXProject;
			attributes = {
				BuildIndependentTargetsInParallel = 1;
				LastSwiftUpdateCheck = 1600;
				LastUpgradeCheck = 1540;
				TargetAttributes = {
					9403CB902C1B28F700C1ED23 = {
						CreatedOnToolsVersion = 15.4;
					};
					941BCAAA2CA45207003A1358 = {
						CreatedOnToolsVersion = 16.0;
						TestTargetID = 9403CB902C1B28F700C1ED23;
					};
				};
			};
			buildConfigurationList = 9403CB8C2C1B28F700C1ED23 /* Build configuration list for PBXProject "Tracker" */;
			compatibilityVersion = "Xcode 14.0";
			developmentRegion = en;
			hasScannedForEncodings = 0;
			knownRegions = (
				en,
				Base,
				ru,
			);
			mainGroup = 9403CB882C1B28F700C1ED23;
			packageReferences = (
				941BCAB42CA4526F003A1358 /* XCRemoteSwiftPackageReference "swift-snapshot-testing" */,
			);
			productRefGroup = 9403CB922C1B28F700C1ED23 /* Products */;
			projectDirPath = "";
			projectRoot = "";
			targets = (
				9403CB902C1B28F700C1ED23 /* Tracker */,
				941BCAAA2CA45207003A1358 /* TrackerTests */,
			);
		};
/* End PBXProject section */

/* Begin PBXResourcesBuildPhase section */
		9403CB8F2C1B28F700C1ED23 /* Resources */ = {
			isa = PBXResourcesBuildPhase;
			buildActionMask = 2147483647;
			files = (
				9403CB9E2C1B28F900C1ED23 /* Assets.xcassets in Resources */,
				943CB1072C97373800CF2F63 /* Localizable.strings in Resources */,
				9403CBA12C1B28F900C1ED23 /* Base in Resources */,
				942B7C172C57A60900491A47 /* Localizable.stringsdict in Resources */,
			);
			runOnlyForDeploymentPostprocessing = 0;
		};
		941BCAA92CA45207003A1358 /* Resources */ = {
			isa = PBXResourcesBuildPhase;
			buildActionMask = 2147483647;
			files = (
			);
			runOnlyForDeploymentPostprocessing = 0;
		};
/* End PBXResourcesBuildPhase section */

/* Begin PBXShellScriptBuildPhase section */
		868AFE44FD8AC577938745BD /* [CP] Embed Pods Frameworks */ = {
			isa = PBXShellScriptBuildPhase;
			buildActionMask = 2147483647;
			files = (
			);
			inputFileListPaths = (
				"${PODS_ROOT}/Target Support Files/Pods-Tracker/Pods-Tracker-frameworks-${CONFIGURATION}-input-files.xcfilelist",
			);
			name = "[CP] Embed Pods Frameworks";
			outputFileListPaths = (
				"${PODS_ROOT}/Target Support Files/Pods-Tracker/Pods-Tracker-frameworks-${CONFIGURATION}-output-files.xcfilelist",
			);
			runOnlyForDeploymentPostprocessing = 0;
			shellPath = /bin/sh;
			shellScript = "\"${PODS_ROOT}/Target Support Files/Pods-Tracker/Pods-Tracker-frameworks.sh\"\n";
			showEnvVarsInLog = 0;
		};
		A5C3B8AE76EB2639F8146C42 /* [CP] Check Pods Manifest.lock */ = {
			isa = PBXShellScriptBuildPhase;
			buildActionMask = 2147483647;
			files = (
			);
			inputFileListPaths = (
			);
			inputPaths = (
				"${PODS_PODFILE_DIR_PATH}/Podfile.lock",
				"${PODS_ROOT}/Manifest.lock",
			);
			name = "[CP] Check Pods Manifest.lock";
			outputFileListPaths = (
			);
			outputPaths = (
				"$(DERIVED_FILE_DIR)/Pods-Tracker-checkManifestLockResult.txt",
			);
			runOnlyForDeploymentPostprocessing = 0;
			shellPath = /bin/sh;
			shellScript = "diff \"${PODS_PODFILE_DIR_PATH}/Podfile.lock\" \"${PODS_ROOT}/Manifest.lock\" > /dev/null\nif [ $? != 0 ] ; then\n    # print error to STDERR\n    echo \"error: The sandbox is not in sync with the Podfile.lock. Run 'pod install' or update your CocoaPods installation.\" >&2\n    exit 1\nfi\n# This output is used by Xcode 'outputs' to avoid re-running this script phase.\necho \"SUCCESS\" > \"${SCRIPT_OUTPUT_FILE_0}\"\n";
			showEnvVarsInLog = 0;
		};
/* End PBXShellScriptBuildPhase section */

/* Begin PBXSourcesBuildPhase section */
		9403CB8D2C1B28F700C1ED23 /* Sources */ = {
			isa = PBXSourcesBuildPhase;
			buildActionMask = 2147483647;
			files = (
				942A5FA62C2EB17800A53D61 /* TrackerRecord.swift in Sources */,
				941BCA932CA40CBC003A1358 /* StatsCell.swift in Sources */,
				942A5FAE2C2F711B00A53D61 /* Constants.swift in Sources */,
				9403CBBA2C1CB04800C1ED23 /* UIView+addSubviews.swift in Sources */,
				946445FE2C39348900B117A6 /* ScheduleViewController.swift in Sources */,
				942B7C122C5678AD00491A47 /* CollectionHeaderDelegate.swift in Sources */,
				946445EF2C383EB200B117A6 /* ListButton.swift in Sources */,
				944EC9E02C8A255F002A69E0 /* SettingsStorage.swift in Sources */,
				944EC9DE2C8A24E0002A69E0 /* PageViewController.swift in Sources */,
				9403CB992C1B28F700C1ED23 /* RootViewController.swift in Sources */,
				946445E62C38345100B117A6 /* SectionHeader.swift in Sources */,
				946446062C3AB7C800B117A6 /* UIView+parentViewController.swift in Sources */,
				946446022C39353D00B117A6 /* ScheduleCellDelegate.swift in Sources */,
				946445ED2C383DF600B117A6 /* TextField.swift in Sources */,
				94E067592C8B749700E94868 /* CategoryCreationViewController.swift in Sources */,
				94E067532C8B65E800E94868 /* CategoryModel.swift in Sources */,
				94E067552C8B65F300E94868 /* CategoryViewModel.swift in Sources */,
				942A5F562C2DC50F00A53D61 /* StubView.swift in Sources */,
				9403CBC22C2DB19200C1ED23 /* StatsViewController.swift in Sources */,
				9403CBB82C1CB00800C1ED23 /* UIview+edgesToSuperview.swift in Sources */,
				946445EB2C38351200B117A6 /* CollectionFooterDelegate.swift in Sources */,
				946445DC2C382D3800B117A6 /* Button.swift in Sources */,
				946445E42C38344500B117A6 /* CollectionHeader.swift in Sources */,
				9403CB952C1B28F700C1ED23 /* AppDelegate.swift in Sources */,
				946445F92C387BE700B117A6 /* NewTracker.swift in Sources */,
				942A5FA42C2EB16700A53D61 /* TrackerCategory.swift in Sources */,
				942A5FA22C2EB15700A53D61 /* Tracker.swift in Sources */,
				944EC9DD2C8A24E0002A69E0 /* PageExamples.swift in Sources */,
				9403CBBE2C2DB01000C1ED23 /* TabBarViewController.swift in Sources */,
				946445DE2C38337800B117A6 /* TrackerCreationViewController.swift in Sources */,
				942B7C142C56878600491A47 /* TrackerSectionHeader.swift in Sources */,
				94E067572C8B69AC00E94868 /* CategoryCell.swift in Sources */,
				94BD7CB82C81E85E00FDA2A0 /* DataProvider.swift in Sources */,
				941BCA972CA4194C003A1358 /* StatisticsManager.swift in Sources */,
				946446042C3A82CF00B117A6 /* CollectionItems.swift in Sources */,
				946445E02C3833B200B117A6 /* ColorCell.swift in Sources */,
				942A5FAC2C2F6B9A00A53D61 /* TypeOfTrackerViewController.swift in Sources */,
				944EC9DC2C8A24E0002A69E0 /* OnboardingViewController.swift in Sources */,
				94BD7C7E2C77547000FDA2A0 /* Tracker.xcdatamodeld in Sources */,
				946445E22C3833C400B117A6 /* EmojiCell.swift in Sources */,
				946445F52C38728000B117A6 /* DayOfWeek.swift in Sources */,
				946445F32C384E3600B117A6 /* TrackerManager.swift in Sources */,
				942A5FA82C2F051100A53D61 /* TrackerCell.swift in Sources */,
				946445F12C38451300B117A6 /* UIView+addTapGesture.swift in Sources */,
				9403CBC02C2DB18700C1ED23 /* TrackerViewController.swift in Sources */,
				946445E82C38347000B117A6 /* CollectionFooter.swift in Sources */,
				9403CB972C1B28F700C1ED23 /* SceneDelegate.swift in Sources */,
				942A5FAA2C2F147B00A53D61 /* TrackerCellDelegate.swift in Sources */,
				942B7C192C58EBB300491A47 /* Date+dateToString.swift in Sources */,
				94E067512C8B65DF00E94868 /* CategoryViewController.swift in Sources */,
				94BD7C852C77693300FDA2A0 /* Storage.swift in Sources */,
				946446002C39353100B117A6 /* ScheduleCell.swift in Sources */,
				9403CBC42C2DB31700C1ED23 /* UIViewController+wrapWithNavigationController.swift in Sources */,
			);
			runOnlyForDeploymentPostprocessing = 0;
		};
		941BCAA72CA45207003A1358 /* Sources */ = {
			isa = PBXSourcesBuildPhase;
			buildActionMask = 2147483647;
			files = (
			);
			runOnlyForDeploymentPostprocessing = 0;
		};
/* End PBXSourcesBuildPhase section */

/* Begin PBXTargetDependency section */
		941BCAB02CA45207003A1358 /* PBXTargetDependency */ = {
			isa = PBXTargetDependency;
			target = 9403CB902C1B28F700C1ED23 /* Tracker */;
			targetProxy = 941BCAAF2CA45207003A1358 /* PBXContainerItemProxy */;
		};
/* End PBXTargetDependency section */

/* Begin PBXVariantGroup section */
		9403CB9F2C1B28F900C1ED23 /* LaunchScreen.storyboard */ = {
			isa = PBXVariantGroup;
			children = (
				9403CBA02C1B28F900C1ED23 /* Base */,
				943CB1082C97379400CF2F63 /* ru */,
			);
			name = LaunchScreen.storyboard;
			sourceTree = "<group>";
		};
		942B7C152C57A60900491A47 /* Localizable.stringsdict */ = {
			isa = PBXVariantGroup;
			children = (
				942B7C162C57A60900491A47 /* en */,
				943CB1092C97379400CF2F63 /* ru */,
			);
			name = Localizable.stringsdict;
			sourceTree = "<group>";
		};
		943CB1052C97373800CF2F63 /* Localizable.strings */ = {
			isa = PBXVariantGroup;
			children = (
				943CB1062C97373800CF2F63 /* en */,
				943CB10A2C97379400CF2F63 /* ru */,
			);
			name = Localizable.strings;
			sourceTree = "<group>";
		};
/* End PBXVariantGroup section */

/* Begin XCBuildConfiguration section */
		9403CBA32C1B28F900C1ED23 /* Debug */ = {
			isa = XCBuildConfiguration;
			buildSettings = {
				ALWAYS_SEARCH_USER_PATHS = NO;
				ASSETCATALOG_COMPILER_GENERATE_SWIFT_ASSET_SYMBOL_EXTENSIONS = YES;
				CLANG_ANALYZER_LOCALIZABILITY_NONLOCALIZED = YES;
				CLANG_ANALYZER_NONNULL = YES;
				CLANG_ANALYZER_NUMBER_OBJECT_CONVERSION = YES_AGGRESSIVE;
				CLANG_CXX_LANGUAGE_STANDARD = "gnu++20";
				CLANG_ENABLE_MODULES = YES;
				CLANG_ENABLE_OBJC_ARC = YES;
				CLANG_ENABLE_OBJC_WEAK = YES;
				CLANG_WARN_BLOCK_CAPTURE_AUTORELEASING = YES;
				CLANG_WARN_BOOL_CONVERSION = YES;
				CLANG_WARN_COMMA = YES;
				CLANG_WARN_CONSTANT_CONVERSION = YES;
				CLANG_WARN_DEPRECATED_OBJC_IMPLEMENTATIONS = YES;
				CLANG_WARN_DIRECT_OBJC_ISA_USAGE = YES_ERROR;
				CLANG_WARN_DOCUMENTATION_COMMENTS = YES;
				CLANG_WARN_EMPTY_BODY = YES;
				CLANG_WARN_ENUM_CONVERSION = YES;
				CLANG_WARN_INFINITE_RECURSION = YES;
				CLANG_WARN_INT_CONVERSION = YES;
				CLANG_WARN_NON_LITERAL_NULL_CONVERSION = YES;
				CLANG_WARN_OBJC_IMPLICIT_RETAIN_SELF = YES;
				CLANG_WARN_OBJC_LITERAL_CONVERSION = YES;
				CLANG_WARN_OBJC_ROOT_CLASS = YES_ERROR;
				CLANG_WARN_QUOTED_INCLUDE_IN_FRAMEWORK_HEADER = YES;
				CLANG_WARN_RANGE_LOOP_ANALYSIS = YES;
				CLANG_WARN_STRICT_PROTOTYPES = YES;
				CLANG_WARN_SUSPICIOUS_MOVE = YES;
				CLANG_WARN_UNGUARDED_AVAILABILITY = YES_AGGRESSIVE;
				CLANG_WARN_UNREACHABLE_CODE = YES;
				CLANG_WARN__DUPLICATE_METHOD_MATCH = YES;
				COPY_PHASE_STRIP = NO;
				DEBUG_INFORMATION_FORMAT = dwarf;
				ENABLE_STRICT_OBJC_MSGSEND = YES;
				ENABLE_TESTABILITY = YES;
				ENABLE_USER_SCRIPT_SANDBOXING = NO;
				GCC_C_LANGUAGE_STANDARD = gnu17;
				GCC_DYNAMIC_NO_PIC = NO;
				GCC_NO_COMMON_BLOCKS = YES;
				GCC_OPTIMIZATION_LEVEL = 0;
				GCC_PREPROCESSOR_DEFINITIONS = (
					"DEBUG=1",
					"$(inherited)",
				);
				GCC_WARN_64_TO_32_BIT_CONVERSION = YES;
				GCC_WARN_ABOUT_RETURN_TYPE = YES_ERROR;
				GCC_WARN_UNDECLARED_SELECTOR = YES;
				GCC_WARN_UNINITIALIZED_AUTOS = YES_AGGRESSIVE;
				GCC_WARN_UNUSED_FUNCTION = YES;
				GCC_WARN_UNUSED_VARIABLE = YES;
				IPHONEOS_DEPLOYMENT_TARGET = 17.5;
				LOCALIZATION_PREFERS_STRING_CATALOGS = YES;
				MTL_ENABLE_DEBUG_INFO = INCLUDE_SOURCE;
				MTL_FAST_MATH = YES;
				ONLY_ACTIVE_ARCH = YES;
				SDKROOT = iphoneos;
				SWIFT_ACTIVE_COMPILATION_CONDITIONS = "DEBUG $(inherited)";
				SWIFT_OPTIMIZATION_LEVEL = "-Onone";
			};
			name = Debug;
		};
		9403CBA42C1B28F900C1ED23 /* Release */ = {
			isa = XCBuildConfiguration;
			buildSettings = {
				ALWAYS_SEARCH_USER_PATHS = NO;
				ASSETCATALOG_COMPILER_GENERATE_SWIFT_ASSET_SYMBOL_EXTENSIONS = YES;
				CLANG_ANALYZER_LOCALIZABILITY_NONLOCALIZED = YES;
				CLANG_ANALYZER_NONNULL = YES;
				CLANG_ANALYZER_NUMBER_OBJECT_CONVERSION = YES_AGGRESSIVE;
				CLANG_CXX_LANGUAGE_STANDARD = "gnu++20";
				CLANG_ENABLE_MODULES = YES;
				CLANG_ENABLE_OBJC_ARC = YES;
				CLANG_ENABLE_OBJC_WEAK = YES;
				CLANG_WARN_BLOCK_CAPTURE_AUTORELEASING = YES;
				CLANG_WARN_BOOL_CONVERSION = YES;
				CLANG_WARN_COMMA = YES;
				CLANG_WARN_CONSTANT_CONVERSION = YES;
				CLANG_WARN_DEPRECATED_OBJC_IMPLEMENTATIONS = YES;
				CLANG_WARN_DIRECT_OBJC_ISA_USAGE = YES_ERROR;
				CLANG_WARN_DOCUMENTATION_COMMENTS = YES;
				CLANG_WARN_EMPTY_BODY = YES;
				CLANG_WARN_ENUM_CONVERSION = YES;
				CLANG_WARN_INFINITE_RECURSION = YES;
				CLANG_WARN_INT_CONVERSION = YES;
				CLANG_WARN_NON_LITERAL_NULL_CONVERSION = YES;
				CLANG_WARN_OBJC_IMPLICIT_RETAIN_SELF = YES;
				CLANG_WARN_OBJC_LITERAL_CONVERSION = YES;
				CLANG_WARN_OBJC_ROOT_CLASS = YES_ERROR;
				CLANG_WARN_QUOTED_INCLUDE_IN_FRAMEWORK_HEADER = YES;
				CLANG_WARN_RANGE_LOOP_ANALYSIS = YES;
				CLANG_WARN_STRICT_PROTOTYPES = YES;
				CLANG_WARN_SUSPICIOUS_MOVE = YES;
				CLANG_WARN_UNGUARDED_AVAILABILITY = YES_AGGRESSIVE;
				CLANG_WARN_UNREACHABLE_CODE = YES;
				CLANG_WARN__DUPLICATE_METHOD_MATCH = YES;
				COPY_PHASE_STRIP = NO;
				DEBUG_INFORMATION_FORMAT = "dwarf-with-dsym";
				ENABLE_NS_ASSERTIONS = NO;
				ENABLE_STRICT_OBJC_MSGSEND = YES;
				ENABLE_USER_SCRIPT_SANDBOXING = NO;
				GCC_C_LANGUAGE_STANDARD = gnu17;
				GCC_NO_COMMON_BLOCKS = YES;
				GCC_WARN_64_TO_32_BIT_CONVERSION = YES;
				GCC_WARN_ABOUT_RETURN_TYPE = YES_ERROR;
				GCC_WARN_UNDECLARED_SELECTOR = YES;
				GCC_WARN_UNINITIALIZED_AUTOS = YES_AGGRESSIVE;
				GCC_WARN_UNUSED_FUNCTION = YES;
				GCC_WARN_UNUSED_VARIABLE = YES;
				IPHONEOS_DEPLOYMENT_TARGET = 17.5;
				LOCALIZATION_PREFERS_STRING_CATALOGS = YES;
				MTL_ENABLE_DEBUG_INFO = NO;
				MTL_FAST_MATH = YES;
				SDKROOT = iphoneos;
				SWIFT_COMPILATION_MODE = wholemodule;
				VALIDATE_PRODUCT = YES;
			};
			name = Release;
		};
		9403CBA62C1B28F900C1ED23 /* Debug */ = {
			isa = XCBuildConfiguration;
			baseConfigurationReference = 9F6A11E3A8026660B0BAD91C /* Pods-Tracker.debug.xcconfig */;
			buildSettings = {
				ASSETCATALOG_COMPILER_APPICON_NAME = AppIcon;
				ASSETCATALOG_COMPILER_GLOBAL_ACCENT_COLOR_NAME = AccentColor;
				CODE_SIGN_STYLE = Automatic;
				CURRENT_PROJECT_VERSION = 1;
				DEVELOPMENT_TEAM = U38SYYH567;
				GENERATE_INFOPLIST_FILE = YES;
				INFOPLIST_FILE = Tracker/Info.plist;
				INFOPLIST_KEY_UIApplicationSupportsIndirectInputEvents = YES;
				INFOPLIST_KEY_UILaunchStoryboardName = LaunchScreen;
				INFOPLIST_KEY_UISupportedInterfaceOrientations = UIInterfaceOrientationPortrait;
				INFOPLIST_KEY_UISupportedInterfaceOrientations_iPad = "UIInterfaceOrientationLandscapeLeft UIInterfaceOrientationLandscapeRight UIInterfaceOrientationPortrait UIInterfaceOrientationPortraitUpsideDown";
				IPHONEOS_DEPLOYMENT_TARGET = 13.4;
				LD_RUNPATH_SEARCH_PATHS = (
					"$(inherited)",
					"@executable_path/Frameworks",
				);
				MARKETING_VERSION = 1.0;
				PRODUCT_BUNDLE_IDENTIFIER = com.app.TrackerOfHabits;
				PRODUCT_NAME = "$(TARGET_NAME)";
				SUPPORTED_PLATFORMS = "iphoneos iphonesimulator";
				SUPPORTS_MACCATALYST = NO;
				SUPPORTS_MAC_DESIGNED_FOR_IPHONE_IPAD = NO;
				SUPPORTS_XR_DESIGNED_FOR_IPHONE_IPAD = NO;
				SWIFT_EMIT_LOC_STRINGS = YES;
				SWIFT_VERSION = 5.0;
				TARGETED_DEVICE_FAMILY = 1;
			};
			name = Debug;
		};
		9403CBA72C1B28F900C1ED23 /* Release */ = {
			isa = XCBuildConfiguration;
			baseConfigurationReference = 8569E5A8FD13EF6A322D2E7B /* Pods-Tracker.release.xcconfig */;
			buildSettings = {
				ASSETCATALOG_COMPILER_APPICON_NAME = AppIcon;
				ASSETCATALOG_COMPILER_GLOBAL_ACCENT_COLOR_NAME = AccentColor;
				CODE_SIGN_STYLE = Automatic;
				CURRENT_PROJECT_VERSION = 1;
				DEVELOPMENT_TEAM = U38SYYH567;
				GENERATE_INFOPLIST_FILE = YES;
				INFOPLIST_FILE = Tracker/Info.plist;
				INFOPLIST_KEY_UIApplicationSupportsIndirectInputEvents = YES;
				INFOPLIST_KEY_UILaunchStoryboardName = LaunchScreen;
				INFOPLIST_KEY_UISupportedInterfaceOrientations = UIInterfaceOrientationPortrait;
				INFOPLIST_KEY_UISupportedInterfaceOrientations_iPad = "UIInterfaceOrientationLandscapeLeft UIInterfaceOrientationLandscapeRight UIInterfaceOrientationPortrait UIInterfaceOrientationPortraitUpsideDown";
				IPHONEOS_DEPLOYMENT_TARGET = 13.4;
				LD_RUNPATH_SEARCH_PATHS = (
					"$(inherited)",
					"@executable_path/Frameworks",
				);
				MARKETING_VERSION = 1.0;
				PRODUCT_BUNDLE_IDENTIFIER = com.app.TrackerOfHabits;
				PRODUCT_NAME = "$(TARGET_NAME)";
				SUPPORTED_PLATFORMS = "iphoneos iphonesimulator";
				SUPPORTS_MACCATALYST = NO;
				SUPPORTS_MAC_DESIGNED_FOR_IPHONE_IPAD = NO;
				SUPPORTS_XR_DESIGNED_FOR_IPHONE_IPAD = NO;
				SWIFT_EMIT_LOC_STRINGS = YES;
				SWIFT_VERSION = 5.0;
				TARGETED_DEVICE_FAMILY = 1;
			};
			name = Release;
		};
		941BCAB22CA45207003A1358 /* Debug */ = {
			isa = XCBuildConfiguration;
			buildSettings = {
				BUNDLE_LOADER = "$(TEST_HOST)";
				CODE_SIGN_STYLE = Automatic;
				CURRENT_PROJECT_VERSION = 1;
				ENABLE_USER_SCRIPT_SANDBOXING = YES;
				GENERATE_INFOPLIST_FILE = YES;
				IPHONEOS_DEPLOYMENT_TARGET = 18.0;
				MARKETING_VERSION = 1.0;
				PRODUCT_BUNDLE_IDENTIFIER = com.app.TrackerTests;
				PRODUCT_NAME = "$(TARGET_NAME)";
				SWIFT_EMIT_LOC_STRINGS = NO;
				SWIFT_VERSION = 5.0;
				TARGETED_DEVICE_FAMILY = "1,2";
				TEST_HOST = "$(BUILT_PRODUCTS_DIR)/Tracker.app/$(BUNDLE_EXECUTABLE_FOLDER_PATH)/Tracker";
			};
			name = Debug;
		};
		941BCAB32CA45207003A1358 /* Release */ = {
			isa = XCBuildConfiguration;
			buildSettings = {
				BUNDLE_LOADER = "$(TEST_HOST)";
				CODE_SIGN_STYLE = Automatic;
				CURRENT_PROJECT_VERSION = 1;
				ENABLE_USER_SCRIPT_SANDBOXING = YES;
				GENERATE_INFOPLIST_FILE = YES;
				IPHONEOS_DEPLOYMENT_TARGET = 18.0;
				MARKETING_VERSION = 1.0;
				PRODUCT_BUNDLE_IDENTIFIER = com.app.TrackerTests;
				PRODUCT_NAME = "$(TARGET_NAME)";
				SWIFT_EMIT_LOC_STRINGS = NO;
				SWIFT_VERSION = 5.0;
				TARGETED_DEVICE_FAMILY = "1,2";
				TEST_HOST = "$(BUILT_PRODUCTS_DIR)/Tracker.app/$(BUNDLE_EXECUTABLE_FOLDER_PATH)/Tracker";
			};
			name = Release;
		};
/* End XCBuildConfiguration section */

/* Begin XCConfigurationList section */
		9403CB8C2C1B28F700C1ED23 /* Build configuration list for PBXProject "Tracker" */ = {
			isa = XCConfigurationList;
			buildConfigurations = (
				9403CBA32C1B28F900C1ED23 /* Debug */,
				9403CBA42C1B28F900C1ED23 /* Release */,
			);
			defaultConfigurationIsVisible = 0;
			defaultConfigurationName = Release;
		};
		9403CBA52C1B28F900C1ED23 /* Build configuration list for PBXNativeTarget "Tracker" */ = {
			isa = XCConfigurationList;
			buildConfigurations = (
				9403CBA62C1B28F900C1ED23 /* Debug */,
				9403CBA72C1B28F900C1ED23 /* Release */,
			);
			defaultConfigurationIsVisible = 0;
			defaultConfigurationName = Release;
		};
		941BCAB12CA45207003A1358 /* Build configuration list for PBXNativeTarget "TrackerTests" */ = {
			isa = XCConfigurationList;
			buildConfigurations = (
				941BCAB22CA45207003A1358 /* Debug */,
				941BCAB32CA45207003A1358 /* Release */,
			);
			defaultConfigurationIsVisible = 0;
			defaultConfigurationName = Release;
		};
/* End XCConfigurationList section */

/* Begin XCRemoteSwiftPackageReference section */
		941BCAB42CA4526F003A1358 /* XCRemoteSwiftPackageReference "swift-snapshot-testing" */ = {
			isa = XCRemoteSwiftPackageReference;
			repositoryURL = "https://github.com/pointfreeco/swift-snapshot-testing.git";
			requirement = {
				kind = exactVersion;
				version = 1.17.5;
			};
		};
/* End XCRemoteSwiftPackageReference section */

/* Begin XCSwiftPackageProductDependency section */
		941BCAB52CA4526F003A1358 /* InlineSnapshotTesting */ = {
			isa = XCSwiftPackageProductDependency;
			package = 941BCAB42CA4526F003A1358 /* XCRemoteSwiftPackageReference "swift-snapshot-testing" */;
			productName = InlineSnapshotTesting;
		};
		941BCAB72CA4526F003A1358 /* SnapshotTesting */ = {
			isa = XCSwiftPackageProductDependency;
			package = 941BCAB42CA4526F003A1358 /* XCRemoteSwiftPackageReference "swift-snapshot-testing" */;
			productName = SnapshotTesting;
		};
/* End XCSwiftPackageProductDependency section */

/* Begin XCVersionGroup section */
		94BD7C7C2C77547000FDA2A0 /* Tracker.xcdatamodeld */ = {
			isa = XCVersionGroup;
			children = (
				94BD7C7D2C77547000FDA2A0 /* Model.xcdatamodel */,
			);
			currentVersion = 94BD7C7D2C77547000FDA2A0 /* Model.xcdatamodel */;
			path = Tracker.xcdatamodeld;
			sourceTree = "<group>";
			versionGroupType = wrapper.xcdatamodel;
		};
/* End XCVersionGroup section */
	};
	rootObject = 9403CB892C1B28F700C1ED23 /* Project object */;
}
